
Microsoft Visual Studio Solution File, Format Version 12.00
# Visual Studio Version 16
VisualStudioVersion = 16.0.33027.164
MinimumVisualStudioVersion = 10.0.40219.1
Project("{FAE04EC0-301F-11D3-BF4B-00C04F79EFBC}") = "RockPaperScissorsGAME", "RockPaperScissorsGAME\RockPaperScissorsGAME.csproj", "{E553BCE9-EF97-418D-BA3B-702777758740}"
EndProject
Global
	GlobalSection(SolutionConfigurationPlatforms) = preSolution
		Debug|Any CPU = Debug|Any CPU
		Release|Any CPU = Release|Any CPU
	EndGlobalSection
	GlobalSection(ProjectConfigurationPlatforms) = postSolution
		{E553BCE9-EF97-418D-BA3B-702777758740}.Debug|Any CPU.ActiveCfg = Debug|Any CPU
		{E553BCE9-EF97-418D-BA3B-702777758740}.Debug|Any CPU.Build.0 = Debug|Any CPU
		{E553BCE9-EF97-418D-BA3B-702777758740}.Release|Any CPU.ActiveCfg = Release|Any CPU
		{E553BCE9-EF97-418D-BA3B-702777758740}.Release|Any CPU.Build.0 = Release|Any CPU
	EndGlobalSection
	GlobalSection(SolutionProperties) = preSolution
		HideSolutionNode = FALSE
	EndGlobalSection
	GlobalSection(ExtensibilityGlobals) = postSolution
		SolutionGuid = {C9766CEA-31FA-4ACF-9076-BB3E3822653B}
	EndGlobalSection
EndGlobal
